
Microsoft Visual Studio Solution File, Format Version 12.00
# Visual Studio Version 16
VisualStudioVersion = 16.0.30804.86
MinimumVisualStudioVersion = 10.0.40219.1
Project("{FAE04EC0-301F-11D3-BF4B-00C04F79EFBC}") = "JLPT Trainer", "JLPT Trainer\JLPT Trainer.csproj", "{0407A587-03EC-4490-A5D6-60C80CB3D943}"
EndProject
Global
	GlobalSection(SolutionConfigurationPlatforms) = preSolution
		Debug|Any CPU = Debug|Any CPU
		Release|Any CPU = Release|Any CPU
	EndGlobalSection
	GlobalSection(ProjectConfigurationPlatforms) = postSolution
		{0407A587-03EC-4490-A5D6-60C80CB3D943}.Debug|Any CPU.ActiveCfg = Debug|Any CPU
		{0407A587-03EC-4490-A5D6-60C80CB3D943}.Debug|Any CPU.Build.0 = Debug|Any CPU
		{0407A587-03EC-4490-A5D6-60C80CB3D943}.Release|Any CPU.ActiveCfg = Release|Any CPU
		{0407A587-03EC-4490-A5D6-60C80CB3D943}.Release|Any CPU.Build.0 = Release|Any CPU
	EndGlobalSection
	GlobalSection(SolutionProperties) = preSolution
		HideSolutionNode = FALSE
	EndGlobalSection
	GlobalSection(ExtensibilityGlobals) = postSolution
		SolutionGuid = {5BE64850-567A-4CC0-B1CA-3EE9AE849B5A}
	EndGlobalSection
EndGlobal
